
Microsoft Visual Studio Solution File, Format Version 12.00
# Visual Studio for Mac
Project("{FAE04EC0-301F-11D3-BF4B-00C04F79EFBC}") = "Assembly-CSharp", "Assembly-CSharp.csproj", "{8D3815FD-E8BE-4618-337F-C55D0E33AA8D}"
EndProject
Project("{FAE04EC0-301F-11D3-BF4B-00C04F79EFBC}") = "Assembly-CSharp-Editor", "Assembly-CSharp-Editor.csproj", "{FB7D0435-5925-1D5F-84E2-532DB5021E3F}"
EndProject
Global
	GlobalSection(SolutionConfigurationPlatforms) = preSolution
		Debug|Any CPU = Debug|Any CPU
		Release|Any CPU = Release|Any CPU
	EndGlobalSection
	GlobalSection(ProjectConfigurationPlatforms) = postSolution
		{8D3815FD-E8BE-4618-337F-C55D0E33AA8D}.Debug|Any CPU.ActiveCfg = Debug|Any CPU
		{8D3815FD-E8BE-4618-337F-C55D0E33AA8D}.Debug|Any CPU.Build.0 = Debug|Any CPU
		{8D3815FD-E8BE-4618-337F-C55D0E33AA8D}.Release|Any CPU.ActiveCfg = Release|Any CPU
		{8D3815FD-E8BE-4618-337F-C55D0E33AA8D}.Release|Any CPU.Build.0 = Release|Any CPU
		{FB7D0435-5925-1D5F-84E2-532DB5021E3F}.Debug|Any CPU.ActiveCfg = Debug|Any CPU
		{FB7D0435-5925-1D5F-84E2-532DB5021E3F}.Debug|Any CPU.Build.0 = Debug|Any CPU
		{FB7D0435-5925-1D5F-84E2-532DB5021E3F}.Release|Any CPU.ActiveCfg = Release|Any CPU
		{FB7D0435-5925-1D5F-84E2-532DB5021E3F}.Release|Any CPU.Build.0 = Release|Any CPU
	EndGlobalSection
	GlobalSection(SolutionProperties) = preSolution
		HideSolutionNode = FALSE
	EndGlobalSection
EndGlobal
