
Microsoft Visual Studio Solution File, Format Version 12.00
# Visual Studio for Mac
Project("{FAE04EC0-301F-11D3-BF4B-00C04F79EFBC}") = "Assembly-CSharp", "Assembly-CSharp.csproj", "{9183AD29-29E2-1C1D-4CB4-341D57273621}"
EndProject
Project("{FAE04EC0-301F-11D3-BF4B-00C04F79EFBC}") = "Assembly-CSharp-Editor", "Assembly-CSharp-Editor.csproj", "{13F2778C-4843-4EF0-95C1-D6488A5DC9FB}"
EndProject
Global
	GlobalSection(SolutionConfigurationPlatforms) = preSolution
		Debug|Any CPU = Debug|Any CPU
		Release|Any CPU = Release|Any CPU
	EndGlobalSection
	GlobalSection(ProjectConfigurationPlatforms) = postSolution
		{9183AD29-29E2-1C1D-4CB4-341D57273621}.Debug|Any CPU.ActiveCfg = Debug|Any CPU
		{9183AD29-29E2-1C1D-4CB4-341D57273621}.Debug|Any CPU.Build.0 = Debug|Any CPU
		{9183AD29-29E2-1C1D-4CB4-341D57273621}.Release|Any CPU.ActiveCfg = Release|Any CPU
		{9183AD29-29E2-1C1D-4CB4-341D57273621}.Release|Any CPU.Build.0 = Release|Any CPU
		{13F2778C-4843-4EF0-95C1-D6488A5DC9FB}.Debug|Any CPU.ActiveCfg = Debug|Any CPU
		{13F2778C-4843-4EF0-95C1-D6488A5DC9FB}.Debug|Any CPU.Build.0 = Debug|Any CPU
		{13F2778C-4843-4EF0-95C1-D6488A5DC9FB}.Release|Any CPU.ActiveCfg = Release|Any CPU
		{13F2778C-4843-4EF0-95C1-D6488A5DC9FB}.Release|Any CPU.Build.0 = Release|Any CPU
	EndGlobalSection
	GlobalSection(SolutionProperties) = preSolution
		HideSolutionNode = FALSE
	EndGlobalSection
EndGlobal
